// !$*UTF8*$!
{
	archiveVersion = 1;
	classes = {
	};
	objectVersion = 56;
	objects = {

/* Begin PBXBuildFile section */
		4C1027822B0E8BF300FA6E85 /* AppleMusicDemoApp.swift in Sources */ = {isa = PBXBuildFile; fileRef = 4C1027812B0E8BF300FA6E85 /* AppleMusicDemoApp.swift */; };
		4C1027842B0E8BF300FA6E85 /* ContentView.swift in Sources */ = {isa = PBXBuildFile; fileRef = 4C1027832B0E8BF300FA6E85 /* ContentView.swift */; };
		4C1027862B0E8BF400FA6E85 /* Assets.xcassets in Resources */ = {isa = PBXBuildFile; fileRef = 4C1027852B0E8BF400FA6E85 /* Assets.xcassets */; };
		4C1027892B0E8BF400FA6E85 /* Preview Assets.xcassets in Resources */ = {isa = PBXBuildFile; fileRef = 4C1027882B0E8BF400FA6E85 /* Preview Assets.xcassets */; };
		4C1027932B0E8BF400FA6E85 /* AppleMusicDemoTests.swift in Sources */ = {isa = PBXBuildFile; fileRef = 4C1027922B0E8BF400FA6E85 /* AppleMusicDemoTests.swift */; };
		4C10279D2B0E8BF400FA6E85 /* AppleMusicDemoUITests.swift in Sources */ = {isa = PBXBuildFile; fileRef = 4C10279C2B0E8BF400FA6E85 /* AppleMusicDemoUITests.swift */; };
		4C10279F2B0E8BF400FA6E85 /* AppleMusicDemoUITestsLaunchTests.swift in Sources */ = {isa = PBXBuildFile; fileRef = 4C10279E2B0E8BF400FA6E85 /* AppleMusicDemoUITestsLaunchTests.swift */; };
		4C1027AC2B0E8DD700FA6E85 /* NowPlayingView.swift in Sources */ = {isa = PBXBuildFile; fileRef = 4C1027AB2B0E8DD700FA6E85 /* NowPlayingView.swift */; };
/* End PBXBuildFile section */

/* Begin PBXContainerItemProxy section */
		4C10278F2B0E8BF400FA6E85 /* PBXContainerItemProxy */ = {
			isa = PBXContainerItemProxy;
			containerPortal = 4C1027762B0E8BF300FA6E85 /* Project object */;
			proxyType = 1;
			remoteGlobalIDString = 4C10277D2B0E8BF300FA6E85;
			remoteInfo = AppleMusicDemo;
		};
		4C1027992B0E8BF400FA6E85 /* PBXContainerItemProxy */ = {
			isa = PBXContainerItemProxy;
			containerPortal = 4C1027762B0E8BF300FA6E85 /* Project object */;
			proxyType = 1;
			remoteGlobalIDString = 4C10277D2B0E8BF300FA6E85;
			remoteInfo = AppleMusicDemo;
		};
/* End PBXContainerItemProxy section */

/* Begin PBXFileReference section */
		4C10277E2B0E8BF300FA6E85 /* AppleMusicDemo.app */ = {isa = PBXFileReference; explicitFileType = wrapper.application; includeInIndex = 0; path = AppleMusicDemo.app; sourceTree = BUILT_PRODUCTS_DIR; };
		4C1027812B0E8BF300FA6E85 /* AppleMusicDemoApp.swift */ = {isa = PBXFileReference; lastKnownFileType = sourcecode.swift; path = AppleMusicDemoApp.swift; sourceTree = "<group>"; };
		4C1027832B0E8BF300FA6E85 /* ContentView.swift */ = {isa = PBXFileReference; lastKnownFileType = sourcecode.swift; path = ContentView.swift; sourceTree = "<group>"; };
		4C1027852B0E8BF400FA6E85 /* Assets.xcassets */ = {isa = PBXFileReference; lastKnownFileType = folder.assetcatalog; path = Assets.xcassets; sourceTree = "<group>"; };
		4C1027882B0E8BF400FA6E85 /* Preview Assets.xcassets */ = {isa = PBXFileReference; lastKnownFileType = folder.assetcatalog; path = "Preview Assets.xcassets"; sourceTree = "<group>"; };
		4C10278E2B0E8BF400FA6E85 /* AppleMusicDemoTests.xctest */ = {isa = PBXFileReference; explicitFileType = wrapper.cfbundle; includeInIndex = 0; path = AppleMusicDemoTests.xctest; sourceTree = BUILT_PRODUCTS_DIR; };
		4C1027922B0E8BF400FA6E85 /* AppleMusicDemoTests.swift */ = {isa = PBXFileReference; lastKnownFileType = sourcecode.swift; path = AppleMusicDemoTests.swift; sourceTree = "<group>"; };
		4C1027982B0E8BF400FA6E85 /* AppleMusicDemoUITests.xctest */ = {isa = PBXFileReference; explicitFileType = wrapper.cfbundle; includeInIndex = 0; path = AppleMusicDemoUITests.xctest; sourceTree = BUILT_PRODUCTS_DIR; };
		4C10279C2B0E8BF400FA6E85 /* AppleMusicDemoUITests.swift */ = {isa = PBXFileReference; lastKnownFileType = sourcecode.swift; path = AppleMusicDemoUITests.swift; sourceTree = "<group>"; };
		4C10279E2B0E8BF400FA6E85 /* AppleMusicDemoUITestsLaunchTests.swift */ = {isa = PBXFileReference; lastKnownFileType = sourcecode.swift; path = AppleMusicDemoUITestsLaunchTests.swift; sourceTree = "<group>"; };
		4C1027AB2B0E8DD700FA6E85 /* NowPlayingView.swift */ = {isa = PBXFileReference; lastKnownFileType = sourcecode.swift; path = NowPlayingView.swift; sourceTree = "<group>"; };
/* End PBXFileReference section */

/* Begin PBXFrameworksBuildPhase section */
		4C10277B2B0E8BF300FA6E85 /* Frameworks */ = {
			isa = PBXFrameworksBuildPhase;
			buildActionMask = 2147483647;
			files = (
			);
			runOnlyForDeploymentPostprocessing = 0;
		};
		4C10278B2B0E8BF400FA6E85 /* Frameworks */ = {
			isa = PBXFrameworksBuildPhase;
			buildActionMask = 2147483647;
			files = (
			);
			runOnlyForDeploymentPostprocessing = 0;
		};
		4C1027952B0E8BF400FA6E85 /* Frameworks */ = {
			isa = PBXFrameworksBuildPhase;
			buildActionMask = 2147483647;
			files = (
			);
			runOnlyForDeploymentPostprocessing = 0;
		};
/* End PBXFrameworksBuildPhase section */

/* Begin PBXGroup section */
		4C1027752B0E8BF300FA6E85 = {
			isa = PBXGroup;
			children = (
				4C1027802B0E8BF300FA6E85 /* AppleMusicDemo */,
				4C1027912B0E8BF400FA6E85 /* AppleMusicDemoTests */,
				4C10279B2B0E8BF400FA6E85 /* AppleMusicDemoUITests */,
				4C10277F2B0E8BF300FA6E85 /* Products */,
			);
			sourceTree = "<group>";
		};
		4C10277F2B0E8BF300FA6E85 /* Products */ = {
			isa = PBXGroup;
			children = (
				4C10277E2B0E8BF300FA6E85 /* AppleMusicDemo.app */,
				4C10278E2B0E8BF400FA6E85 /* AppleMusicDemoTests.xctest */,
				4C1027982B0E8BF400FA6E85 /* AppleMusicDemoUITests.xctest */,
			);
			name = Products;
			sourceTree = "<group>";
		};
		4C1027802B0E8BF300FA6E85 /* AppleMusicDemo */ = {
			isa = PBXGroup;
			children = (
				4C1027812B0E8BF300FA6E85 /* AppleMusicDemoApp.swift */,
				4C1027832B0E8BF300FA6E85 /* ContentView.swift */,
				4C1027AB2B0E8DD700FA6E85 /* NowPlayingView.swift */,
				4C1027852B0E8BF400FA6E85 /* Assets.xcassets */,
				4C1027872B0E8BF400FA6E85 /* Preview Content */,
			);
			path = AppleMusicDemo;
			sourceTree = "<group>";
		};
		4C1027872B0E8BF400FA6E85 /* Preview Content */ = {
			isa = PBXGroup;
			children = (
				4C1027882B0E8BF400FA6E85 /* Preview Assets.xcassets */,
			);
			path = "Preview Content";
			sourceTree = "<group>";
		};
		4C1027912B0E8BF400FA6E85 /* AppleMusicDemoTests */ = {
			isa = PBXGroup;
			children = (
				4C1027922B0E8BF400FA6E85 /* AppleMusicDemoTests.swift */,
			);
			path = AppleMusicDemoTests;
			sourceTree = "<group>";
		};
		4C10279B2B0E8BF400FA6E85 /* AppleMusicDemoUITests */ = {
			isa = PBXGroup;
			children = (
				4C10279C2B0E8BF400FA6E85 /* AppleMusicDemoUITests.swift */,
				4C10279E2B0E8BF400FA6E85 /* AppleMusicDemoUITestsLaunchTests.swift */,
			);
			path = AppleMusicDemoUITests;
			sourceTree = "<group>";
		};
/* End PBXGroup section */

/* Begin PBXNativeTarget section */
		4C10277D2B0E8BF300FA6E85 /* AppleMusicDemo */ = {
			isa = PBXNativeTarget;
			buildConfigurationList = 4C1027A22B0E8BF400FA6E85 /* Build configuration list for PBXNativeTarget "AppleMusicDemo" */;
			buildPhases = (
				4C10277A2B0E8BF300FA6E85 /* Sources */,
				4C10277B2B0E8BF300FA6E85 /* Frameworks */,
				4C10277C2B0E8BF300FA6E85 /* Resources */,
			);
			buildRules = (
			);
			dependencies = (
			);
			name = AppleMusicDemo;
			productName = AppleMusicDemo;
			productReference = 4C10277E2B0E8BF300FA6E85 /* AppleMusicDemo.app */;
			productType = "com.apple.product-type.application";
		};
		4C10278D2B0E8BF400FA6E85 /* AppleMusicDemoTests */ = {
			isa = PBXNativeTarget;
			buildConfigurationList = 4C1027A52B0E8BF400FA6E85 /* Build configuration list for PBXNativeTarget "AppleMusicDemoTests" */;
			buildPhases = (
				4C10278A2B0E8BF400FA6E85 /* Sources */,
				4C10278B2B0E8BF400FA6E85 /* Frameworks */,
				4C10278C2B0E8BF400FA6E85 /* Resources */,
			);
			buildRules = (
			);
			dependencies = (
				4C1027902B0E8BF400FA6E85 /* PBXTargetDependency */,
			);
			name = AppleMusicDemoTests;
			productName = AppleMusicDemoTests;
			productReference = 4C10278E2B0E8BF400FA6E85 /* AppleMusicDemoTests.xctest */;
			productType = "com.apple.product-type.bundle.unit-test";
		};
		4C1027972B0E8BF400FA6E85 /* AppleMusicDemoUITests */ = {
			isa = PBXNativeTarget;
			buildConfigurationList = 4C1027A82B0E8BF400FA6E85 /* Build configuration list for PBXNativeTarget "AppleMusicDemoUITests" */;
			buildPhases = (
				4C1027942B0E8BF400FA6E85 /* Sources */,
				4C1027952B0E8BF400FA6E85 /* Frameworks */,
				4C1027962B0E8BF400FA6E85 /* Resources */,
			);
			buildRules = (
			);
			dependencies = (
				4C10279A2B0E8BF400FA6E85 /* PBXTargetDependency */,
			);
			name = AppleMusicDemoUITests;
			productName = AppleMusicDemoUITests;
			productReference = 4C1027982B0E8BF400FA6E85 /* AppleMusicDemoUITests.xctest */;
			productType = "com.apple.product-type.bundle.ui-testing";
		};
/* End PBXNativeTarget section */

/* Begin PBXProject section */
		4C1027762B0E8BF300FA6E85 /* Project object */ = {
			isa = PBXProject;
			attributes = {
				BuildIndependentTargetsInParallel = 1;
				LastSwiftUpdateCheck = 1500;
				LastUpgradeCheck = 1500;
				TargetAttributes = {
					4C10277D2B0E8BF300FA6E85 = {
						CreatedOnToolsVersion = 15.0.1;
					};
					4C10278D2B0E8BF400FA6E85 = {
						CreatedOnToolsVersion = 15.0.1;
						TestTargetID = 4C10277D2B0E8BF300FA6E85;
					};
					4C1027972B0E8BF400FA6E85 = {
						CreatedOnToolsVersion = 15.0.1;
						TestTargetID = 4C10277D2B0E8BF300FA6E85;
					};
				};
			};
			buildConfigurationList = 4C1027792B0E8BF300FA6E85 /* Build configuration list for PBXProject "AppleMusicDemo" */;
			compatibilityVersion = "Xcode 14.0";
			developmentRegion = en;
			hasScannedForEncodings = 0;
			knownRegions = (
				en,
				Base,
			);
			mainGroup = 4C1027752B0E8BF300FA6E85;
			productRefGroup = 4C10277F2B0E8BF300FA6E85 /* Products */;
			projectDirPath = "";
			projectRoot = "";
			targets = (
				4C10277D2B0E8BF300FA6E85 /* AppleMusicDemo */,
				4C10278D2B0E8BF400FA6E85 /* AppleMusicDemoTests */,
				4C1027972B0E8BF400FA6E85 /* AppleMusicDemoUITests */,
			);
		};
/* End PBXProject section */

/* Begin PBXResourcesBuildPhase section */
		4C10277C2B0E8BF300FA6E85 /* Resources */ = {
			isa = PBXResourcesBuildPhase;
			buildActionMask = 2147483647;
			files = (
				4C1027892B0E8BF400FA6E85 /* Preview Assets.xcassets in Resources */,
				4C1027862B0E8BF400FA6E85 /* Assets.xcassets in Resources */,
			);
			runOnlyForDeploymentPostprocessing = 0;
		};
		4C10278C2B0E8BF400FA6E85 /* Resources */ = {
			isa = PBXResourcesBuildPhase;
			buildActionMask = 2147483647;
			files = (
			);
			runOnlyForDeploymentPostprocessing = 0;
		};
		4C1027962B0E8BF400FA6E85 /* Resources */ = {
			isa = PBXResourcesBuildPhase;
			buildActionMask = 2147483647;
			files = (
			);
			runOnlyForDeploymentPostprocessing = 0;
		};
/* End PBXResourcesBuildPhase section */

/* Begin PBXSourcesBuildPhase section */
		4C10277A2B0E8BF300FA6E85 /* Sources */ = {
			isa = PBXSourcesBuildPhase;
			buildActionMask = 2147483647;
			files = (
				4C1027AC2B0E8DD700FA6E85 /* NowPlayingView.swift in Sources */,
				4C1027842B0E8BF300FA6E85 /* ContentView.swift in Sources */,
				4C1027822B0E8BF300FA6E85 /* AppleMusicDemoApp.swift in Sources */,
			);
			runOnlyForDeploymentPostprocessing = 0;
		};
		4C10278A2B0E8BF400FA6E85 /* Sources */ = {
			isa = PBXSourcesBuildPhase;
			buildActionMask = 2147483647;
			files = (
				4C1027932B0E8BF400FA6E85 /* AppleMusicDemoTests.swift in Sources */,
			);
			runOnlyForDeploymentPostprocessing = 0;
		};
		4C1027942B0E8BF400FA6E85 /* Sources */ = {
			isa = PBXSourcesBuildPhase;
			buildActionMask = 2147483647;
			files = (
				4C10279F2B0E8BF400FA6E85 /* AppleMusicDemoUITestsLaunchTests.swift in Sources */,
				4C10279D2B0E8BF400FA6E85 /* AppleMusicDemoUITests.swift in Sources */,
			);
			runOnlyForDeploymentPostprocessing = 0;
		};
/* End PBXSourcesBuildPhase section */

/* Begin PBXTargetDependency section */
		4C1027902B0E8BF400FA6E85 /* PBXTargetDependency */ = {
			isa = PBXTargetDependency;
			target = 4C10277D2B0E8BF300FA6E85 /* AppleMusicDemo */;
			targetProxy = 4C10278F2B0E8BF400FA6E85 /* PBXContainerItemProxy */;
		};
		4C10279A2B0E8BF400FA6E85 /* PBXTargetDependency */ = {
			isa = PBXTargetDependency;
			target = 4C10277D2B0E8BF300FA6E85 /* AppleMusicDemo */;
			targetProxy = 4C1027992B0E8BF400FA6E85 /* PBXContainerItemProxy */;
		};
/* End PBXTargetDependency section */

/* Begin XCBuildConfiguration section */
		4C1027A02B0E8BF400FA6E85 /* Debug */ = {
			isa = XCBuildConfiguration;
			buildSettings = {
				ALWAYS_SEARCH_USER_PATHS = NO;
				ASSETCATALOG_COMPILER_GENERATE_SWIFT_ASSET_SYMBOL_EXTENSIONS = YES;
				CLANG_ANALYZER_NONNULL = YES;
				CLANG_ANALYZER_NUMBER_OBJECT_CONVERSION = YES_AGGRESSIVE;
				CLANG_CXX_LANGUAGE_STANDARD = "gnu++20";
				CLANG_ENABLE_MODULES = YES;
				CLANG_ENABLE_OBJC_ARC = YES;
				CLANG_ENABLE_OBJC_WEAK = YES;
				CLANG_WARN_BLOCK_CAPTURE_AUTORELEASING = YES;
				CLANG_WARN_BOOL_CONVERSION = YES;
				CLANG_WARN_COMMA = YES;
				CLANG_WARN_CONSTANT_CONVERSION = YES;
				CLANG_WARN_DEPRECATED_OBJC_IMPLEMENTATIONS = YES;
				CLANG_WARN_DIRECT_OBJC_ISA_USAGE = YES_ERROR;
				CLANG_WARN_DOCUMENTATION_COMMENTS = YES;
				CLANG_WARN_EMPTY_BODY = YES;
				CLANG_WARN_ENUM_CONVERSION = YES;
				CLANG_WARN_INFINITE_RECURSION = YES;
				CLANG_WARN_INT_CONVERSION = YES;
				CLANG_WARN_NON_LITERAL_NULL_CONVERSION = YES;
				CLANG_WARN_OBJC_IMPLICIT_RETAIN_SELF = YES;
				CLANG_WARN_OBJC_LITERAL_CONVERSION = YES;
				CLANG_WARN_OBJC_ROOT_CLASS = YES_ERROR;
				CLANG_WARN_QUOTED_INCLUDE_IN_FRAMEWORK_HEADER = YES;
				CLANG_WARN_RANGE_LOOP_ANALYSIS = YES;
				CLANG_WARN_STRICT_PROTOTYPES = YES;
				CLANG_WARN_SUSPICIOUS_MOVE = YES;
				CLANG_WARN_UNGUARDED_AVAILABILITY = YES_AGGRESSIVE;
				CLANG_WARN_UNREACHABLE_CODE = YES;
				CLANG_WARN__DUPLICATE_METHOD_MATCH = YES;
				COPY_PHASE_STRIP = NO;
				DEBUG_INFORMATION_FORMAT = dwarf;
				ENABLE_STRICT_OBJC_MSGSEND = YES;
				ENABLE_TESTABILITY = YES;
				ENABLE_USER_SCRIPT_SANDBOXING = YES;
				GCC_C_LANGUAGE_STANDARD = gnu17;
				GCC_DYNAMIC_NO_PIC = NO;
				GCC_NO_COMMON_BLOCKS = YES;
				GCC_OPTIMIZATION_LEVEL = 0;
				GCC_PREPROCESSOR_DEFINITIONS = (
					"DEBUG=1",
					"$(inherited)",
				);
				GCC_WARN_64_TO_32_BIT_CONVERSION = YES;
				GCC_WARN_ABOUT_RETURN_TYPE = YES_ERROR;
				GCC_WARN_UNDECLARED_SELECTOR = YES;
				GCC_WARN_UNINITIALIZED_AUTOS = YES_AGGRESSIVE;
				GCC_WARN_UNUSED_FUNCTION = YES;
				GCC_WARN_UNUSED_VARIABLE = YES;
				IPHONEOS_DEPLOYMENT_TARGET = 17.0;
				LOCALIZATION_PREFERS_STRING_CATALOGS = YES;
				MTL_ENABLE_DEBUG_INFO = INCLUDE_SOURCE;
				MTL_FAST_MATH = YES;
				ONLY_ACTIVE_ARCH = YES;
				SDKROOT = iphoneos;
				SWIFT_ACTIVE_COMPILATION_CONDITIONS = "DEBUG $(inherited)";
				SWIFT_OPTIMIZATION_LEVEL = "-Onone";
			};
			name = Debug;
		};
		4C1027A12B0E8BF400FA6E85 /* Release */ = {
			isa = XCBuildConfiguration;
			buildSettings = {
				ALWAYS_SEARCH_USER_PATHS = NO;
				ASSETCATALOG_COMPILER_GENERATE_SWIFT_ASSET_SYMBOL_EXTENSIONS = YES;
				CLANG_ANALYZER_NONNULL = YES;
				CLANG_ANALYZER_NUMBER_OBJECT_CONVERSION = YES_AGGRESSIVE;
				CLANG_CXX_LANGUAGE_STANDARD = "gnu++20";
				CLANG_ENABLE_MODULES = YES;
				CLANG_ENABLE_OBJC_ARC = YES;
				CLANG_ENABLE_OBJC_WEAK = YES;
				CLANG_WARN_BLOCK_CAPTURE_AUTORELEASING = YES;
				CLANG_WARN_BOOL_CONVERSION = YES;
				CLANG_WARN_COMMA = YES;
				CLANG_WARN_CONSTANT_CONVERSION = YES;
				CLANG_WARN_DEPRECATED_OBJC_IMPLEMENTATIONS = YES;
				CLANG_WARN_DIRECT_OBJC_ISA_USAGE = YES_ERROR;
				CLANG_WARN_DOCUMENTATION_COMMENTS = YES;
				CLANG_WARN_EMPTY_BODY = YES;
				CLANG_WARN_ENUM_CONVERSION = YES;
				CLANG_WARN_INFINITE_RECURSION = YES;
				CLANG_WARN_INT_CONVERSION = YES;
				CLANG_WARN_NON_LITERAL_NULL_CONVERSION = YES;
				CLANG_WARN_OBJC_IMPLICIT_RETAIN_SELF = YES;
				CLANG_WARN_OBJC_LITERAL_CONVERSION = YES;
				CLANG_WARN_OBJC_ROOT_CLASS = YES_ERROR;
				CLANG_WARN_QUOTED_INCLUDE_IN_FRAMEWORK_HEADER = YES;
				CLANG_WARN_RANGE_LOOP_ANALYSIS = YES;
				CLANG_WARN_STRICT_PROTOTYPES = YES;
				CLANG_WARN_SUSPICIOUS_MOVE = YES;
				CLANG_WARN_UNGUARDED_AVAILABILITY = YES_AGGRESSIVE;
				CLANG_WARN_UNREACHABLE_CODE = YES;
				CLANG_WARN__DUPLICATE_METHOD_MATCH = YES;
				COPY_PHASE_STRIP = NO;
				DEBUG_INFORMATION_FORMAT = "dwarf-with-dsym";
				ENABLE_NS_ASSERTIONS = NO;
				ENABLE_STRICT_OBJC_MSGSEND = YES;
				ENABLE_USER_SCRIPT_SANDBOXING = YES;
				GCC_C_LANGUAGE_STANDARD = gnu17;
				GCC_NO_COMMON_BLOCKS = YES;
				GCC_WARN_64_TO_32_BIT_CONVERSION = YES;
				GCC_WARN_ABOUT_RETURN_TYPE = YES_ERROR;
				GCC_WARN_UNDECLARED_SELECTOR = YES;
				GCC_WARN_UNINITIALIZED_AUTOS = YES_AGGRESSIVE;
				GCC_WARN_UNUSED_FUNCTION = YES;
				GCC_WARN_UNUSED_VARIABLE = YES;
				IPHONEOS_DEPLOYMENT_TARGET = 17.0;
				LOCALIZATION_PREFERS_STRING_CATALOGS = YES;
				MTL_ENABLE_DEBUG_INFO = NO;
				MTL_FAST_MATH = YES;
				SDKROOT = iphoneos;
				SWIFT_COMPILATION_MODE = wholemodule;
				VALIDATE_PRODUCT = YES;
			};
			name = Release;
		};
		4C1027A32B0E8BF400FA6E85 /* Debug */ = {
			isa = XCBuildConfiguration;
			buildSettings = {
				ASSETCATALOG_COMPILER_APPICON_NAME = AppIcon;
				ASSETCATALOG_COMPILER_GLOBAL_ACCENT_COLOR_NAME = AccentColor;
				CODE_SIGN_STYLE = Automatic;
				CURRENT_PROJECT_VERSION = 1;
				DEVELOPMENT_ASSET_PATHS = "\"AppleMusicDemo/Preview Content\"";
				ENABLE_PREVIEWS = YES;
				GENERATE_INFOPLIST_FILE = YES;
				INFOPLIST_KEY_UIApplicationSceneManifest_Generation = YES;
				INFOPLIST_KEY_UIApplicationSupportsIndirectInputEvents = YES;
				INFOPLIST_KEY_UILaunchScreen_Generation = YES;
				INFOPLIST_KEY_UISupportedInterfaceOrientations_iPad = "UIInterfaceOrientationPortrait UIInterfaceOrientationPortraitUpsideDown UIInterfaceOrientationLandscapeLeft UIInterfaceOrientationLandscapeRight";
				INFOPLIST_KEY_UISupportedInterfaceOrientations_iPhone = "UIInterfaceOrientationPortrait UIInterfaceOrientationLandscapeLeft UIInterfaceOrientationLandscapeRight";
				LD_RUNPATH_SEARCH_PATHS = (
					"$(inherited)",
					"@executable_path/Frameworks",
				);
				MARKETING_VERSION = 1.0;
				PRODUCT_BUNDLE_IDENTIFIER = a.AppleMusicDemo;
				PRODUCT_NAME = "$(TARGET_NAME)";
				SWIFT_EMIT_LOC_STRINGS = YES;
				SWIFT_VERSION = 5.0;
				TARGETED_DEVICE_FAMILY = "1,2";
			};
			name = Debug;
		};
		4C1027A42B0E8BF400FA6E85 /* Release */ = {
			isa = XCBuildConfiguration;
			buildSettings = {
				ASSETCATALOG_COMPILER_APPICON_NAME = AppIcon;
				ASSETCATALOG_COMPILER_GLOBAL_ACCENT_COLOR_NAME = AccentColor;
				CODE_SIGN_STYLE = Automatic;
				CURRENT_PROJECT_VERSION = 1;
				DEVELOPMENT_ASSET_PATHS = "\"AppleMusicDemo/Preview Content\"";
				ENABLE_PREVIEWS = YES;
				GENERATE_INFOPLIST_FILE = YES;
				INFOPLIST_KEY_UIApplicationSceneManifest_Generation = YES;
				INFOPLIST_KEY_UIApplicationSupportsIndirectInputEvents = YES;
				INFOPLIST_KEY_UILaunchScreen_Generation = YES;
				INFOPLIST_KEY_UISupportedInterfaceOrientations_iPad = "UIInterfaceOrientationPortrait UIInterfaceOrientationPortraitUpsideDown UIInterfaceOrientationLandscapeLeft UIInterfaceOrientationLandscapeRight";
				INFOPLIST_KEY_UISupportedInterfaceOrientations_iPhone = "UIInterfaceOrientationPortrait UIInterfaceOrientationLandscapeLeft UIInterfaceOrientationLandscapeRight";
				LD_RUNPATH_SEARCH_PATHS = (
					"$(inherited)",
					"@executable_path/Frameworks",
				);
				MARKETING_VERSION = 1.0;
				PRODUCT_BUNDLE_IDENTIFIER = a.AppleMusicDemo;
				PRODUCT_NAME = "$(TARGET_NAME)";
				SWIFT_EMIT_LOC_STRINGS = YES;
				SWIFT_VERSION = 5.0;
				TARGETED_DEVICE_FAMILY = "1,2";
			};
			name = Release;
		};
		4C1027A62B0E8BF400FA6E85 /* Debug */ = {
			isa = XCBuildConfiguration;
			buildSettings = {
				ALWAYS_EMBED_SWIFT_STANDARD_LIBRARIES = YES;
				BUNDLE_LOADER = "$(TEST_HOST)";
				CODE_SIGN_STYLE = Automatic;
				CURRENT_PROJECT_VERSION = 1;
				GENERATE_INFOPLIST_FILE = YES;
				IPHONEOS_DEPLOYMENT_TARGET = 17.0;
				MARKETING_VERSION = 1.0;
				PRODUCT_BUNDLE_IDENTIFIER = a.AppleMusicDemoTests;
				PRODUCT_NAME = "$(TARGET_NAME)";
				SWIFT_EMIT_LOC_STRINGS = NO;
				SWIFT_VERSION = 5.0;
				TARGETED_DEVICE_FAMILY = "1,2";
				TEST_HOST = "$(BUILT_PRODUCTS_DIR)/AppleMusicDemo.app/$(BUNDLE_EXECUTABLE_FOLDER_PATH)/AppleMusicDemo";
			};
			name = Debug;
		};
		4C1027A72B0E8BF400FA6E85 /* Release */ = {
			isa = XCBuildConfiguration;
			buildSettings = {
				ALWAYS_EMBED_SWIFT_STANDARD_LIBRARIES = YES;
				BUNDLE_LOADER = "$(TEST_HOST)";
				CODE_SIGN_STYLE = Automatic;
				CURRENT_PROJECT_VERSION = 1;
				GENERATE_INFOPLIST_FILE = YES;
				IPHONEOS_DEPLOYMENT_TARGET = 17.0;
				MARKETING_VERSION = 1.0;
				PRODUCT_BUNDLE_IDENTIFIER = a.AppleMusicDemoTests;
				PRODUCT_NAME = "$(TARGET_NAME)";
				SWIFT_EMIT_LOC_STRINGS = NO;
				SWIFT_VERSION = 5.0;
				TARGETED_DEVICE_FAMILY = "1,2";
				TEST_HOST = "$(BUILT_PRODUCTS_DIR)/AppleMusicDemo.app/$(BUNDLE_EXECUTABLE_FOLDER_PATH)/AppleMusicDemo";
			};
			name = Release;
		};
		4C1027A92B0E8BF400FA6E85 /* Debug */ = {
			isa = XCBuildConfiguration;
			buildSettings = {
				ALWAYS_EMBED_SWIFT_STANDARD_LIBRARIES = YES;
				CODE_SIGN_STYLE = Automatic;
				CURRENT_PROJECT_VERSION = 1;
				GENERATE_INFOPLIST_FILE = YES;
				MARKETING_VERSION = 1.0;
				PRODUCT_BUNDLE_IDENTIFIER = a.AppleMusicDemoUITests;
				PRODUCT_NAME = "$(TARGET_NAME)";
				SWIFT_EMIT_LOC_STRINGS = NO;
				SWIFT_VERSION = 5.0;
				TARGETED_DEVICE_FAMILY = "1,2";
				TEST_TARGET_NAME = AppleMusicDemo;
			};
			name = Debug;
		};
		4C1027AA2B0E8BF400FA6E85 /* Release */ = {
			isa = XCBuildConfiguration;
			buildSettings = {
				ALWAYS_EMBED_SWIFT_STANDARD_LIBRARIES = YES;
				CODE_SIGN_STYLE = Automatic;
				CURRENT_PROJECT_VERSION = 1;
				GENERATE_INFOPLIST_FILE = YES;
				MARKETING_VERSION = 1.0;
				PRODUCT_BUNDLE_IDENTIFIER = a.AppleMusicDemoUITests;
				PRODUCT_NAME = "$(TARGET_NAME)";
				SWIFT_EMIT_LOC_STRINGS = NO;
				SWIFT_VERSION = 5.0;
				TARGETED_DEVICE_FAMILY = "1,2";
				TEST_TARGET_NAME = AppleMusicDemo;
			};
			name = Release;
		};
/* End XCBuildConfiguration section */

/* Begin XCConfigurationList section */
		4C1027792B0E8BF300FA6E85 /* Build configuration list for PBXProject "AppleMusicDemo" */ = {
			isa = XCConfigurationList;
			buildConfigurations = (
				4C1027A02B0E8BF400FA6E85 /* Debug */,
				4C1027A12B0E8BF400FA6E85 /* Release */,
			);
			defaultConfigurationIsVisible = 0;
			defaultConfigurationName = Release;
		};
		4C1027A22B0E8BF400FA6E85 /* Build configuration list for PBXNativeTarget "AppleMusicDemo" */ = {
			isa = XCConfigurationList;
			buildConfigurations = (
				4C1027A32B0E8BF400FA6E85 /* Debug */,
				4C1027A42B0E8BF400FA6E85 /* Release */,
			);
			defaultConfigurationIsVisible = 0;
			defaultConfigurationName = Release;
		};
		4C1027A52B0E8BF400FA6E85 /* Build configuration list for PBXNativeTarget "AppleMusicDemoTests" */ = {
			isa = XCConfigurationList;
			buildConfigurations = (
				4C1027A62B0E8BF400FA6E85 /* Debug */,
				4C1027A72B0E8BF400FA6E85 /* Release */,
			);
			defaultConfigurationIsVisible = 0;
			defaultConfigurationName = Release;
		};
		4C1027A82B0E8BF400FA6E85 /* Build configuration list for PBXNativeTarget "AppleMusicDemoUITests" */ = {
			isa = XCConfigurationList;
			buildConfigurations = (
				4C1027A92B0E8BF400FA6E85 /* Debug */,
				4C1027AA2B0E8BF400FA6E85 /* Release */,
			);
			defaultConfigurationIsVisible = 0;
			defaultConfigurationName = Release;
		};
/* End XCConfigurationList section */
	};
	rootObject = 4C1027762B0E8BF300FA6E85 /* Project object */;
}
